// !$*UTF8*$!
{
	archiveVersion = 1;
	classes = {
	};
	objectVersion = 50;
	objects = {

/* Begin PBXBuildFile section */
		A2047CC326AFD14F0012796B /* NetworkNode.cpp in Sources */ = {isa = PBXBuildFile; fileRef = A2047CC126AFD14F0012796B /* NetworkNode.cpp */; };
		A2047CC626AFD3D70012796B /* NetworkEdge.cpp in Sources */ = {isa = PBXBuildFile; fileRef = A2047CC426AFD3D70012796B /* NetworkEdge.cpp */; };
		A2047CC926AFDD9B0012796B /* Opinion_Agent.cpp in Sources */ = {isa = PBXBuildFile; fileRef = A2047CC726AFDD9B0012796B /* Opinion_Agent.cpp */; };
		A263BA9926B6A78100307EC5 /* Deffuant.cpp in Sources */ = {isa = PBXBuildFile; fileRef = A263BA9726B6A78100307EC5 /* Deffuant.cpp */; };
		A280149826B7E51B00C5B9D1 /* HegselmannKrause.cpp in Sources */ = {isa = PBXBuildFile; fileRef = A280149626B7E51B00C5B9D1 /* HegselmannKrause.cpp */; };
		A2B4DE1F26B967AC00407DEF /* Majority.cpp in Sources */ = {isa = PBXBuildFile; fileRef = A2B4DE1D26B967AC00407DEF /* Majority.cpp */; };
		A2B593C726AE3B6300AEB0E9 /* main.cpp in Sources */ = {isa = PBXBuildFile; fileRef = A2B593C626AE3B6300AEB0E9 /* main.cpp */; };
		A2B593CF26AE3C2F00AEB0E9 /* NetworkMethod.cpp in Sources */ = {isa = PBXBuildFile; fileRef = A2B593CE26AE3C2F00AEB0E9 /* NetworkMethod.cpp */; };
		A2B593D226AE3C6900AEB0E9 /* NetworkGenerator.cpp in Sources */ = {isa = PBXBuildFile; fileRef = A2B593D026AE3C6900AEB0E9 /* NetworkGenerator.cpp */; };
		A2D123C726B907B3008117B8 /* Voter.cpp in Sources */ = {isa = PBXBuildFile; fileRef = A2D123C526B907B3008117B8 /* Voter.cpp */; };
/* End PBXBuildFile section */

/* Begin PBXCopyFilesBuildPhase section */
		A2B593C126AE3B6300AEB0E9 /* CopyFiles */ = {
			isa = PBXCopyFilesBuildPhase;
			buildActionMask = 2147483647;
			dstPath = /usr/share/man/man1/;
			dstSubfolderSpec = 0;
			files = (
			);
			runOnlyForDeploymentPostprocessing = 1;
		};
/* End PBXCopyFilesBuildPhase section */

/* Begin PBXFileReference section */
		A2047CC126AFD14F0012796B /* NetworkNode.cpp */ = {isa = PBXFileReference; lastKnownFileType = sourcecode.cpp.cpp; path = NetworkNode.cpp; sourceTree = "<group>"; };
		A2047CC226AFD14F0012796B /* NetworkNode.hpp */ = {isa = PBXFileReference; lastKnownFileType = sourcecode.cpp.h; path = NetworkNode.hpp; sourceTree = "<group>"; };
		A2047CC426AFD3D70012796B /* NetworkEdge.cpp */ = {isa = PBXFileReference; lastKnownFileType = sourcecode.cpp.cpp; path = NetworkEdge.cpp; sourceTree = "<group>"; };
		A2047CC526AFD3D70012796B /* NetworkEdge.hpp */ = {isa = PBXFileReference; lastKnownFileType = sourcecode.cpp.h; path = NetworkEdge.hpp; sourceTree = "<group>"; };
		A2047CC726AFDD9B0012796B /* Opinion_Agent.cpp */ = {isa = PBXFileReference; lastKnownFileType = sourcecode.cpp.cpp; path = Opinion_Agent.cpp; sourceTree = "<group>"; };
		A2047CC826AFDD9B0012796B /* Opinion_Agent.hpp */ = {isa = PBXFileReference; lastKnownFileType = sourcecode.cpp.h; path = Opinion_Agent.hpp; sourceTree = "<group>"; };
		A263BA9726B6A78100307EC5 /* Deffuant.cpp */ = {isa = PBXFileReference; lastKnownFileType = sourcecode.cpp.cpp; path = Deffuant.cpp; sourceTree = "<group>"; };
		A263BA9826B6A78100307EC5 /* Deffuant.hpp */ = {isa = PBXFileReference; lastKnownFileType = sourcecode.cpp.h; path = Deffuant.hpp; sourceTree = "<group>"; };
		A280149626B7E51B00C5B9D1 /* HegselmannKrause.cpp */ = {isa = PBXFileReference; lastKnownFileType = sourcecode.cpp.cpp; path = HegselmannKrause.cpp; sourceTree = "<group>"; };
		A280149726B7E51B00C5B9D1 /* HegselmannKrause.hpp */ = {isa = PBXFileReference; lastKnownFileType = sourcecode.cpp.h; path = HegselmannKrause.hpp; sourceTree = "<group>"; };
		A2B4DE1D26B967AC00407DEF /* Majority.cpp */ = {isa = PBXFileReference; lastKnownFileType = sourcecode.cpp.cpp; path = Majority.cpp; sourceTree = "<group>"; };
		A2B4DE1E26B967AC00407DEF /* Majority.hpp */ = {isa = PBXFileReference; lastKnownFileType = sourcecode.cpp.h; path = Majority.hpp; sourceTree = "<group>"; };
		A2B593C326AE3B6300AEB0E9 /* OpinionDynamics */ = {isa = PBXFileReference; explicitFileType = "compiled.mach-o.executable"; includeInIndex = 0; path = OpinionDynamics; sourceTree = BUILT_PRODUCTS_DIR; };
		A2B593C626AE3B6300AEB0E9 /* main.cpp */ = {isa = PBXFileReference; lastKnownFileType = sourcecode.cpp.cpp; path = main.cpp; sourceTree = "<group>"; };
		A2B593CD26AE3C0200AEB0E9 /* NetworkMethod.hpp */ = {isa = PBXFileReference; fileEncoding = 4; lastKnownFileType = sourcecode.cpp.h; path = NetworkMethod.hpp; sourceTree = "<group>"; };
		A2B593CE26AE3C2F00AEB0E9 /* NetworkMethod.cpp */ = {isa = PBXFileReference; lastKnownFileType = sourcecode.cpp.cpp; path = NetworkMethod.cpp; sourceTree = "<group>"; };
		A2B593D026AE3C6900AEB0E9 /* NetworkGenerator.cpp */ = {isa = PBXFileReference; lastKnownFileType = sourcecode.cpp.cpp; path = NetworkGenerator.cpp; sourceTree = "<group>"; };
		A2B593D126AE3C6900AEB0E9 /* NetworkGenerator.hpp */ = {isa = PBXFileReference; lastKnownFileType = sourcecode.cpp.h; path = NetworkGenerator.hpp; sourceTree = "<group>"; };
		A2D123C526B907B3008117B8 /* Voter.cpp */ = {isa = PBXFileReference; lastKnownFileType = sourcecode.cpp.cpp; path = Voter.cpp; sourceTree = "<group>"; };
		A2D123C626B907B3008117B8 /* Voter.hpp */ = {isa = PBXFileReference; lastKnownFileType = sourcecode.cpp.h; path = Voter.hpp; sourceTree = "<group>"; };
/* End PBXFileReference section */

/* Begin PBXFrameworksBuildPhase section */
		A2B593C026AE3B6300AEB0E9 /* Frameworks */ = {
			isa = PBXFrameworksBuildPhase;
			buildActionMask = 2147483647;
			files = (
			);
			runOnlyForDeploymentPostprocessing = 0;
		};
/* End PBXFrameworksBuildPhase section */

/* Begin PBXGroup section */
		A2B593BA26AE3B6300AEB0E9 = {
			isa = PBXGroup;
			children = (
				A2B593C526AE3B6300AEB0E9 /* OpinionDynamics */,
				A2B593C426AE3B6300AEB0E9 /* Products */,
			);
			sourceTree = "<group>";
		};
		A2B593C426AE3B6300AEB0E9 /* Products */ = {
			isa = PBXGroup;
			children = (
				A2B593C326AE3B6300AEB0E9 /* OpinionDynamics */,
			);
			name = Products;
			sourceTree = "<group>";
		};
		A2B593C526AE3B6300AEB0E9 /* OpinionDynamics */ = {
			isa = PBXGroup;
			children = (
				A2B593CD26AE3C0200AEB0E9 /* NetworkMethod.hpp */,
				A2B593C626AE3B6300AEB0E9 /* main.cpp */,
				A2B593CE26AE3C2F00AEB0E9 /* NetworkMethod.cpp */,
				A2B593D026AE3C6900AEB0E9 /* NetworkGenerator.cpp */,
				A2B593D126AE3C6900AEB0E9 /* NetworkGenerator.hpp */,
				A2047CC126AFD14F0012796B /* NetworkNode.cpp */,
				A2047CC226AFD14F0012796B /* NetworkNode.hpp */,
				A2047CC726AFDD9B0012796B /* Opinion_Agent.cpp */,
				A2047CC826AFDD9B0012796B /* Opinion_Agent.hpp */,
				A2047CC426AFD3D70012796B /* NetworkEdge.cpp */,
				A2047CC526AFD3D70012796B /* NetworkEdge.hpp */,
				A263BA9726B6A78100307EC5 /* Deffuant.cpp */,
				A263BA9826B6A78100307EC5 /* Deffuant.hpp */,
				A280149626B7E51B00C5B9D1 /* HegselmannKrause.cpp */,
				A280149726B7E51B00C5B9D1 /* HegselmannKrause.hpp */,
				A2D123C526B907B3008117B8 /* Voter.cpp */,
				A2D123C626B907B3008117B8 /* Voter.hpp */,
				A2B4DE1D26B967AC00407DEF /* Majority.cpp */,
				A2B4DE1E26B967AC00407DEF /* Majority.hpp */,
			);
			path = OpinionDynamics;
			sourceTree = "<group>";
		};
/* End PBXGroup section */

/* Begin PBXNativeTarget section */
		A2B593C226AE3B6300AEB0E9 /* OpinionDynamics */ = {
			isa = PBXNativeTarget;
			buildConfigurationList = A2B593CA26AE3B6300AEB0E9 /* Build configuration list for PBXNativeTarget "OpinionDynamics" */;
			buildPhases = (
				A2B593BF26AE3B6300AEB0E9 /* Sources */,
				A2B593C026AE3B6300AEB0E9 /* Frameworks */,
				A2B593C126AE3B6300AEB0E9 /* CopyFiles */,
			);
			buildRules = (
			);
			dependencies = (
			);
			name = OpinionDynamics;
			productName = OpinionDynamics;
			productReference = A2B593C326AE3B6300AEB0E9 /* OpinionDynamics */;
			productType = "com.apple.product-type.tool";
		};
/* End PBXNativeTarget section */

/* Begin PBXProject section */
		A2B593BB26AE3B6300AEB0E9 /* Project object */ = {
			isa = PBXProject;
			attributes = {
				LastUpgradeCheck = 1250;
				TargetAttributes = {
					A2B593C226AE3B6300AEB0E9 = {
						CreatedOnToolsVersion = 12.5.1;
					};
				};
			};
			buildConfigurationList = A2B593BE26AE3B6300AEB0E9 /* Build configuration list for PBXProject "OpinionDynamics" */;
			compatibilityVersion = "Xcode 9.3";
			developmentRegion = en;
			hasScannedForEncodings = 0;
			knownRegions = (
				en,
				Base,
			);
			mainGroup = A2B593BA26AE3B6300AEB0E9;
			productRefGroup = A2B593C426AE3B6300AEB0E9 /* Products */;
			projectDirPath = "";
			projectRoot = "";
			targets = (
				A2B593C226AE3B6300AEB0E9 /* OpinionDynamics */,
			);
		};
/* End PBXProject section */

/* Begin PBXSourcesBuildPhase section */
		A2B593BF26AE3B6300AEB0E9 /* Sources */ = {
			isa = PBXSourcesBuildPhase;
			buildActionMask = 2147483647;
			files = (
				A2B4DE1F26B967AC00407DEF /* Majority.cpp in Sources */,
				A2B593D226AE3C6900AEB0E9 /* NetworkGenerator.cpp in Sources */,
				A2B593C726AE3B6300AEB0E9 /* main.cpp in Sources */,
				A2D123C726B907B3008117B8 /* Voter.cpp in Sources */,
				A263BA9926B6A78100307EC5 /* Deffuant.cpp in Sources */,
				A280149826B7E51B00C5B9D1 /* HegselmannKrause.cpp in Sources */,
				A2047CC926AFDD9B0012796B /* Opinion_Agent.cpp in Sources */,
				A2047CC626AFD3D70012796B /* NetworkEdge.cpp in Sources */,
				A2B593CF26AE3C2F00AEB0E9 /* NetworkMethod.cpp in Sources */,
				A2047CC326AFD14F0012796B /* NetworkNode.cpp in Sources */,
			);
			runOnlyForDeploymentPostprocessing = 0;
		};
/* End PBXSourcesBuildPhase section */

/* Begin XCBuildConfiguration section */
		A2B593C826AE3B6300AEB0E9 /* Debug */ = {
			isa = XCBuildConfiguration;
			buildSettings = {
				ALWAYS_SEARCH_USER_PATHS = NO;
				CLANG_ANALYZER_NONNULL = YES;
				CLANG_ANALYZER_NUMBER_OBJECT_CONVERSION = YES_AGGRESSIVE;
				CLANG_CXX_LANGUAGE_STANDARD = "gnu++14";
				CLANG_CXX_LIBRARY = "libc++";
				CLANG_ENABLE_MODULES = YES;
				CLANG_ENABLE_OBJC_ARC = YES;
				CLANG_ENABLE_OBJC_WEAK = YES;
				CLANG_WARN_BLOCK_CAPTURE_AUTORELEASING = YES;
				CLANG_WARN_BOOL_CONVERSION = YES;
				CLANG_WARN_COMMA = YES;
				CLANG_WARN_CONSTANT_CONVERSION = YES;
				CLANG_WARN_DEPRECATED_OBJC_IMPLEMENTATIONS = YES;
				CLANG_WARN_DIRECT_OBJC_ISA_USAGE = YES_ERROR;
				CLANG_WARN_DOCUMENTATION_COMMENTS = YES;
				CLANG_WARN_EMPTY_BODY = YES;
				CLANG_WARN_ENUM_CONVERSION = YES;
				CLANG_WARN_INFINITE_RECURSION = YES;
				CLANG_WARN_INT_CONVERSION = YES;
				CLANG_WARN_NON_LITERAL_NULL_CONVERSION = YES;
				CLANG_WARN_OBJC_IMPLICIT_RETAIN_SELF = YES;
				CLANG_WARN_OBJC_LITERAL_CONVERSION = YES;
				CLANG_WARN_OBJC_ROOT_CLASS = YES_ERROR;
				CLANG_WARN_QUOTED_INCLUDE_IN_FRAMEWORK_HEADER = YES;
				CLANG_WARN_RANGE_LOOP_ANALYSIS = YES;
				CLANG_WARN_STRICT_PROTOTYPES = YES;
				CLANG_WARN_SUSPICIOUS_MOVE = YES;
				CLANG_WARN_UNGUARDED_AVAILABILITY = YES_AGGRESSIVE;
				CLANG_WARN_UNREACHABLE_CODE = YES;
				CLANG_WARN__DUPLICATE_METHOD_MATCH = YES;
				COPY_PHASE_STRIP = NO;
				DEBUG_INFORMATION_FORMAT = dwarf;
				ENABLE_STRICT_OBJC_MSGSEND = YES;
				ENABLE_TESTABILITY = YES;
				GCC_C_LANGUAGE_STANDARD = gnu11;
				GCC_DYNAMIC_NO_PIC = NO;
				GCC_NO_COMMON_BLOCKS = YES;
				GCC_OPTIMIZATION_LEVEL = 0;
				GCC_PREPROCESSOR_DEFINITIONS = (
					"DEBUG=1",
					"$(inherited)",
				);
				GCC_WARN_64_TO_32_BIT_CONVERSION = YES;
				GCC_WARN_ABOUT_RETURN_TYPE = YES_ERROR;
				GCC_WARN_UNDECLARED_SELECTOR = YES;
				GCC_WARN_UNINITIALIZED_AUTOS = YES_AGGRESSIVE;
				GCC_WARN_UNUSED_FUNCTION = YES;
				GCC_WARN_UNUSED_VARIABLE = YES;
				MACOSX_DEPLOYMENT_TARGET = 11.3;
				MTL_ENABLE_DEBUG_INFO = INCLUDE_SOURCE;
				MTL_FAST_MATH = YES;
				ONLY_ACTIVE_ARCH = YES;
				SDKROOT = macosx;
			};
			name = Debug;
		};
		A2B593C926AE3B6300AEB0E9 /* Release */ = {
			isa = XCBuildConfiguration;
			buildSettings = {
				ALWAYS_SEARCH_USER_PATHS = NO;
				CLANG_ANALYZER_NONNULL = YES;
				CLANG_ANALYZER_NUMBER_OBJECT_CONVERSION = YES_AGGRESSIVE;
				CLANG_CXX_LANGUAGE_STANDARD = "gnu++14";
				CLANG_CXX_LIBRARY = "libc++";
				CLANG_ENABLE_MODULES = YES;
				CLANG_ENABLE_OBJC_ARC = YES;
				CLANG_ENABLE_OBJC_WEAK = YES;
				CLANG_WARN_BLOCK_CAPTURE_AUTORELEASING = YES;
				CLANG_WARN_BOOL_CONVERSION = YES;
				CLANG_WARN_COMMA = YES;
				CLANG_WARN_CONSTANT_CONVERSION = YES;
				CLANG_WARN_DEPRECATED_OBJC_IMPLEMENTATIONS = YES;
				CLANG_WARN_DIRECT_OBJC_ISA_USAGE = YES_ERROR;
				CLANG_WARN_DOCUMENTATION_COMMENTS = YES;
				CLANG_WARN_EMPTY_BODY = YES;
				CLANG_WARN_ENUM_CONVERSION = YES;
				CLANG_WARN_INFINITE_RECURSION = YES;
				CLANG_WARN_INT_CONVERSION = YES;
				CLANG_WARN_NON_LITERAL_NULL_CONVERSION = YES;
				CLANG_WARN_OBJC_IMPLICIT_RETAIN_SELF = YES;
				CLANG_WARN_OBJC_LITERAL_CONVERSION = YES;
				CLANG_WARN_OBJC_ROOT_CLASS = YES_ERROR;
				CLANG_WARN_QUOTED_INCLUDE_IN_FRAMEWORK_HEADER = YES;
				CLANG_WARN_RANGE_LOOP_ANALYSIS = YES;
				CLANG_WARN_STRICT_PROTOTYPES = YES;
				CLANG_WARN_SUSPICIOUS_MOVE = YES;
				CLANG_WARN_UNGUARDED_AVAILABILITY = YES_AGGRESSIVE;
				CLANG_WARN_UNREACHABLE_CODE = YES;
				CLANG_WARN__DUPLICATE_METHOD_MATCH = YES;
				COPY_PHASE_STRIP = NO;
				DEBUG_INFORMATION_FORMAT = "dwarf-with-dsym";
				ENABLE_NS_ASSERTIONS = NO;
				ENABLE_STRICT_OBJC_MSGSEND = YES;
				GCC_C_LANGUAGE_STANDARD = gnu11;
				GCC_NO_COMMON_BLOCKS = YES;
				GCC_WARN_64_TO_32_BIT_CONVERSION = YES;
				GCC_WARN_ABOUT_RETURN_TYPE = YES_ERROR;
				GCC_WARN_UNDECLARED_SELECTOR = YES;
				GCC_WARN_UNINITIALIZED_AUTOS = YES_AGGRESSIVE;
				GCC_WARN_UNUSED_FUNCTION = YES;
				GCC_WARN_UNUSED_VARIABLE = YES;
				MACOSX_DEPLOYMENT_TARGET = 11.3;
				MTL_ENABLE_DEBUG_INFO = NO;
				MTL_FAST_MATH = YES;
				SDKROOT = macosx;
			};
			name = Release;
		};
		A2B593CB26AE3B6300AEB0E9 /* Debug */ = {
			isa = XCBuildConfiguration;
			buildSettings = {
				CODE_SIGN_STYLE = Automatic;
				PRODUCT_NAME = "$(TARGET_NAME)";
			};
			name = Debug;
		};
		A2B593CC26AE3B6300AEB0E9 /* Release */ = {
			isa = XCBuildConfiguration;
			buildSettings = {
				CODE_SIGN_STYLE = Automatic;
				PRODUCT_NAME = "$(TARGET_NAME)";
			};
			name = Release;
		};
/* End XCBuildConfiguration section */

/* Begin XCConfigurationList section */
		A2B593BE26AE3B6300AEB0E9 /* Build configuration list for PBXProject "OpinionDynamics" */ = {
			isa = XCConfigurationList;
			buildConfigurations = (
				A2B593C826AE3B6300AEB0E9 /* Debug */,
				A2B593C926AE3B6300AEB0E9 /* Release */,
			);
			defaultConfigurationIsVisible = 0;
			defaultConfigurationName = Release;
		};
		A2B593CA26AE3B6300AEB0E9 /* Build configuration list for PBXNativeTarget "OpinionDynamics" */ = {
			isa = XCConfigurationList;
			buildConfigurations = (
				A2B593CB26AE3B6300AEB0E9 /* Debug */,
				A2B593CC26AE3B6300AEB0E9 /* Release */,
			);
			defaultConfigurationIsVisible = 0;
			defaultConfigurationName = Release;
		};
/* End XCConfigurationList section */
	};
	rootObject = A2B593BB26AE3B6300AEB0E9 /* Project object */;
}
